
Microsoft Visual Studio Solution File, Format Version 12.00
# Visual Studio Version 17
VisualStudioVersion = 17.1.32319.34
MinimumVisualStudioVersion = 10.0.40219.1
Project("{FAE04EC0-301F-11D3-BF4B-00C04F79EFBC}") = "ExperimentWithListExtensions", "ExperimentWithListExtensions\ExperimentWithListExtensions.csproj", "{DB214EB9-17F7-4FDE-850E-179E6960B297}"
EndProject
Global
	GlobalSection(SolutionConfigurationPlatforms) = preSolution
		Debug|Any CPU = Debug|Any CPU
		Release|Any CPU = Release|Any CPU
	EndGlobalSection
	GlobalSection(ProjectConfigurationPlatforms) = postSolution
		{DB214EB9-17F7-4FDE-850E-179E6960B297}.Debug|Any CPU.ActiveCfg = Debug|Any CPU
		{DB214EB9-17F7-4FDE-850E-179E6960B297}.Debug|Any CPU.Build.0 = Debug|Any CPU
		{DB214EB9-17F7-4FDE-850E-179E6960B297}.Release|Any CPU.ActiveCfg = Release|Any CPU
		{DB214EB9-17F7-4FDE-850E-179E6960B297}.Release|Any CPU.Build.0 = Release|Any CPU
	EndGlobalSection
	GlobalSection(SolutionProperties) = preSolution
		HideSolutionNode = FALSE
	EndGlobalSection
	GlobalSection(ExtensibilityGlobals) = postSolution
		SolutionGuid = {46CCEE06-AB30-45CC-87B3-9F5691171E2E}
	EndGlobalSection
EndGlobal
